
Microsoft Visual Studio Solution File, Format Version 12.00
# Visual Studio Version 16
VisualStudioVersion = 16.0.34114.132
MinimumVisualStudioVersion = 10.0.40219.1
Project("{888888A0-9F3D-457C-B088-3A5042F75D52}") = "week_7_task", "week_7_task\week_7_task.pyproj", "{3BC19925-6971-4929-941A-DD98CAA33DCC}"
EndProject
Global
	GlobalSection(SolutionConfigurationPlatforms) = preSolution
		Debug|Any CPU = Debug|Any CPU
		Release|Any CPU = Release|Any CPU
	EndGlobalSection
	GlobalSection(ProjectConfigurationPlatforms) = postSolution
		{3BC19925-6971-4929-941A-DD98CAA33DCC}.Debug|Any CPU.ActiveCfg = Debug|Any CPU
		{3BC19925-6971-4929-941A-DD98CAA33DCC}.Release|Any CPU.ActiveCfg = Release|Any CPU
	EndGlobalSection
	GlobalSection(SolutionProperties) = preSolution
		HideSolutionNode = FALSE
	EndGlobalSection
	GlobalSection(ExtensibilityGlobals) = postSolution
		SolutionGuid = {64A0671F-25F9-4E12-B277-852AD02DBF83}
	EndGlobalSection
EndGlobal
